{
  "name": "@aloha/searcher",
  "version": "0.0.0",
  "lockfileVersion": 3,
  "requires": true,
  "packages": {
    "": {
      "name": "@aloha/searcher",
      "version": "0.0.0",
      "workspaces": [
        "acceptance/*",
        "apps/*",
        "families/*",
        "packages/*",
        "specs/*",
        "strategies/*",
        "tools/*",
        "tools/reference-only/*"
      ],
      "devDependencies": {
        "@types/node": "20.19.41",
        "typescript": "5.9.3"
      }
    },
    "acceptance/artifact-lineage-facts": {
      "name": "@aloha/artifact-lineage-facts"
    },
    "acceptance/gate-core": {
      "name": "@aloha/gate-core"
    },
    "acceptance/qualification-validator": {
      "name": "@aloha/qualification-validator"
    },
    "node_modules/@aloha/artifact-lineage-facts": {
      "resolved": "acceptance/artifact-lineage-facts",
      "link": true
    },
    "node_modules/@aloha/artifact-resolution": {
      "resolved": "specs/artifact-resolution",
      "link": true
    },
    "node_modules/@aloha/artifact-resolver": {
      "resolved": "packages/artifact-resolver",
      "link": true
    },
    "node_modules/@aloha/boundary-gate": {
      "resolved": "tools/architecture-boundaries",
      "link": true
    },
    "node_modules/@aloha/canonical-codec": {
      "resolved": "packages/canonical-codec",
      "link": true
    },
    "node_modules/@aloha/core-envelope": {
      "resolved": "specs/core-envelope",
      "link": true
    },
    "node_modules/@aloha/evidence": {
      "resolved": "specs/evidence",
      "link": true
    },
    "node_modules/@aloha/gate-core": {
      "resolved": "acceptance/gate-core",
      "link": true
    },
    "node_modules/@aloha/impl-reference-importer": {
      "resolved": "tools/reference-only/impl",
      "link": true
    },
    "node_modules/@aloha/qualification": {
      "resolved": "specs/qualification",
      "link": true
    },
    "node_modules/@aloha/qualification-validator": {
      "resolved": "acceptance/qualification-validator",
      "link": true
    },
    "node_modules/@aloha/qualified-facts": {
      "resolved": "specs/qualified-facts",
      "link": true
    },
    "node_modules/@aloha/release-role-manifest": {
      "resolved": "tools/release-role-manifest",
      "link": true
    },
    "node_modules/@types/node": {
      "version": "20.19.41",
      "dev": true,
      "license": "MIT",
      "dependencies": {
        "undici-types": "~6.21.0"
      }
    },
    "node_modules/typescript": {
      "version": "5.9.3",
      "license": "Apache-2.0",
      "bin": {
        "tsc": "bin/tsc",
        "tsserver": "bin/tsserver"
      },
      "engines": {
        "node": ">=14.17"
      }
    },
    "node_modules/undici-types": {
      "version": "6.21.0",
      "dev": true,
      "license": "MIT"
    },
    "packages/artifact-resolver": {
      "name": "@aloha/artifact-resolver"
    },
    "packages/canonical-codec": {
      "name": "@aloha/canonical-codec"
    },
    "specs/artifact-resolution": {
      "name": "@aloha/artifact-resolution"
    },
    "specs/core-envelope": {
      "name": "@aloha/core-envelope"
    },
    "specs/evidence": {
      "name": "@aloha/evidence"
    },
    "specs/qualification": {
      "name": "@aloha/qualification"
    },
    "specs/qualified-facts": {
      "name": "@aloha/qualified-facts"
    },
    "tools/architecture-boundaries": {
      "name": "@aloha/boundary-gate",
      "dependencies": {
        "typescript": "5.9.3"
      }
    },
    "tools/reference-only/impl": {
      "name": "@aloha/impl-reference-importer"
    },
    "tools/release-role-manifest": {
      "name": "@aloha/release-role-manifest",
      "dependencies": {
        "typescript": "5.9.3"
      }
    }
  }
}
