{
  "name": "@aloha/searcher",
  "version": "0.0.0",
  "lockfileVersion": 3,
  "requires": true,
  "packages": {
    "": {
      "name": "@aloha/searcher",
      "version": "0.0.0",
      "workspaces": [
        "acceptance/*",
        "apps/*",
        "families/*",
        "packages/*",
        "runtime/*",
        "specs/*",
        "strategies/*",
        "tools/*",
        "tools/reference-only/*"
      ],
      "devDependencies": {
        "@types/node": "20.19.41",
        "typescript": "5.9.3"
      }
    },
    "acceptance/artifact-lineage-facts": {
      "name": "@aloha/artifact-lineage-facts"
    },
    "acceptance/gate-core": {
      "name": "@aloha/gate-core"
    },
    "acceptance/qualification-validator": {
      "name": "@aloha/qualification-validator"
    },
    "node_modules/@aloha/artifact-lineage-facts": {
      "resolved": "acceptance/artifact-lineage-facts",
      "link": true
    },
    "node_modules/@aloha/artifact-resolution": {
      "resolved": "specs/artifact-resolution",
      "link": true
    },
    "node_modules/@aloha/artifact-resolver": {
      "resolved": "packages/artifact-resolver",
      "link": true
    },
    "node_modules/@aloha/attestation": {
      "resolved": "packages/attestation",
      "link": true
    },
    "node_modules/@aloha/boundary-gate": {
      "resolved": "tools/architecture-boundaries",
      "link": true
    },
    "node_modules/@aloha/candidate-partition-authority": {
      "resolved": "specs/candidate-partition-authority",
      "link": true
    },
    "node_modules/@aloha/candidate-partition-runtime": {
      "resolved": "packages/candidate-partition-runtime",
      "link": true
    },
    "node_modules/@aloha/canonical-codec": {
      "resolved": "packages/canonical-codec",
      "link": true
    },
    "node_modules/@aloha/canonical-source": {
      "resolved": "packages/canonical-source",
      "link": true
    },
    "node_modules/@aloha/catalog": {
      "resolved": "packages/catalog",
      "link": true
    },
    "node_modules/@aloha/checkpoint": {
      "resolved": "packages/checkpoint",
      "link": true
    },
    "node_modules/@aloha/core-envelope": {
      "resolved": "specs/core-envelope",
      "link": true
    },
    "node_modules/@aloha/discovery": {
      "resolved": "packages/discovery",
      "link": true
    },
    "node_modules/@aloha/discovery-transport": {
      "resolved": "packages/discovery-transport",
      "link": true
    },
    "node_modules/@aloha/durable-store": {
      "resolved": "packages/durable-store",
      "link": true
    },
    "node_modules/@aloha/evidence": {
      "resolved": "specs/evidence",
      "link": true
    },
    "node_modules/@aloha/gate-core": {
      "resolved": "acceptance/gate-core",
      "link": true
    },
    "node_modules/@aloha/generation-builder": {
      "resolved": "packages/generation-builder",
      "link": true
    },
    "node_modules/@aloha/graph": {
      "resolved": "packages/graph",
      "link": true
    },
    "node_modules/@aloha/impl-reference-importer": {
      "resolved": "tools/reference-only/impl",
      "link": true
    },
    "node_modules/@aloha/observation": {
      "resolved": "packages/observation",
      "link": true
    },
    "node_modules/@aloha/qualification": {
      "resolved": "specs/qualification",
      "link": true
    },
    "node_modules/@aloha/qualification-validator": {
      "resolved": "acceptance/qualification-validator",
      "link": true
    },
    "node_modules/@aloha/qualified-facts": {
      "resolved": "specs/qualified-facts",
      "link": true
    },
    "node_modules/@aloha/ready-generation": {
      "resolved": "packages/ready-generation",
      "link": true
    },
    "node_modules/@aloha/release-authority": {
      "resolved": "specs/release-authority",
      "link": true
    },
    "node_modules/@aloha/release-role-manifest": {
      "resolved": "tools/release-role-manifest",
      "link": true
    },
    "node_modules/@aloha/revm-workers": {
      "resolved": "runtime/revm-workers",
      "link": true
    },
    "node_modules/@aloha/scheduler": {
      "resolved": "packages/scheduler",
      "link": true
    },
    "node_modules/@aloha/sealed-run-runtime": {
      "resolved": "packages/sealed-run-runtime",
      "link": true
    },
    "node_modules/@aloha/shared-work": {
      "resolved": "packages/shared-work",
      "link": true
    },
    "node_modules/@aloha/state-runtime": {
      "resolved": "packages/state-runtime",
      "link": true
    },
    "node_modules/@aloha/work-plane": {
      "resolved": "packages/work-plane",
      "link": true
    },
    "node_modules/@types/node": {
      "version": "20.19.41",
      "dev": true,
      "license": "MIT",
      "dependencies": {
        "undici-types": "~6.21.0"
      }
    },
    "node_modules/typescript": {
      "version": "5.9.3",
      "license": "Apache-2.0",
      "bin": {
        "tsc": "bin/tsc",
        "tsserver": "bin/tsserver"
      },
      "engines": {
        "node": ">=14.17"
      }
    },
    "node_modules/undici-types": {
      "version": "6.21.0",
      "dev": true,
      "license": "MIT"
    },
    "packages/artifact-resolver": {
      "name": "@aloha/artifact-resolver"
    },
    "packages/attestation": {
      "name": "@aloha/attestation"
    },
    "packages/candidate-partition-runtime": {
      "name": "@aloha/candidate-partition-runtime"
    },
    "packages/canonical-codec": {
      "name": "@aloha/canonical-codec"
    },
    "packages/canonical-source": {
      "name": "@aloha/canonical-source"
    },
    "packages/catalog": {
      "name": "@aloha/catalog"
    },
    "packages/checkpoint": {
      "name": "@aloha/checkpoint"
    },
    "packages/discovery": {
      "name": "@aloha/discovery"
    },
    "packages/discovery-transport": {
      "name": "@aloha/discovery-transport"
    },
    "packages/durable-store": {
      "name": "@aloha/durable-store"
    },
    "packages/generation-builder": {
      "name": "@aloha/generation-builder"
    },
    "packages/graph": {
      "name": "@aloha/graph"
    },
    "packages/observation": {
      "name": "@aloha/observation"
    },
    "packages/ready-generation": {
      "name": "@aloha/ready-generation"
    },
    "packages/scheduler": {
      "name": "@aloha/scheduler"
    },
    "packages/sealed-run-runtime": {
      "name": "@aloha/sealed-run-runtime"
    },
    "packages/shared-work": {
      "name": "@aloha/shared-work"
    },
    "packages/state-runtime": {
      "name": "@aloha/state-runtime"
    },
    "packages/work-plane": {
      "name": "@aloha/work-plane"
    },
    "runtime/revm-workers": {
      "name": "@aloha/revm-workers"
    },
    "specs/artifact-resolution": {
      "name": "@aloha/artifact-resolution"
    },
    "specs/candidate-partition-authority": {
      "name": "@aloha/candidate-partition-authority"
    },
    "specs/core-envelope": {
      "name": "@aloha/core-envelope"
    },
    "specs/evidence": {
      "name": "@aloha/evidence"
    },
    "specs/qualification": {
      "name": "@aloha/qualification"
    },
    "specs/qualified-facts": {
      "name": "@aloha/qualified-facts"
    },
    "specs/release-authority": {
      "name": "@aloha/release-authority"
    },
    "tools/architecture-boundaries": {
      "name": "@aloha/boundary-gate",
      "dependencies": {
        "typescript": "5.9.3"
      }
    },
    "tools/reference-only/impl": {
      "name": "@aloha/impl-reference-importer"
    },
    "tools/release-role-manifest": {
      "name": "@aloha/release-role-manifest",
      "dependencies": {
        "typescript": "5.9.3"
      }
    }
  }
}
