{
  "name": "@aloha/searcher",
  "version": "0.0.0",
  "lockfileVersion": 3,
  "requires": true,
  "packages": {
    "": {
      "name": "@aloha/searcher",
      "version": "0.0.0",
      "workspaces": [
        "acceptance/*",
        "apps/*",
        "families/*",
        "packages/*",
        "runtime/*",
        "specs/*",
        "strategies/*",
        "tools/*",
        "tools/reference-only/*"
      ],
      "devDependencies": {
        "@types/node": "20.19.41",
        "typescript": "5.9.3"
      }
    },
    "acceptance/artifact-lineage-facts": {
      "name": "@aloha/artifact-lineage-facts"
    },
    "acceptance/gate-core": {
      "name": "@aloha/gate-core"
    },
    "acceptance/qualification-validator": {
      "name": "@aloha/qualification-validator"
    },
    "families/astra-multitoken": {
      "name": "@aloha/family-astra-multitoken"
    },
    "families/curve-underlying": {
      "name": "@aloha/family-curve-underlying"
    },
    "families/dodo-v2": {
      "name": "@aloha/family-dodo-v2"
    },
    "families/eigenpie": {
      "name": "@aloha/family-eigenpie"
    },
    "families/erc4626": {
      "name": "@aloha/family-erc4626"
    },
    "families/erc4626-silo-redeem": {
      "name": "@aloha/family-erc4626-silo-redeem"
    },
    "families/ethertoken-native-redeem": {
      "name": "@aloha/family-ethertoken-native-redeem"
    },
    "families/goldx": {
      "name": "@aloha/family-goldx"
    },
    "families/metronome-hgusdc": {
      "name": "@aloha/family-metronome-hgusdc"
    },
    "families/metronome-synth": {
      "name": "@aloha/family-metronome-synth"
    },
    "families/psm": {
      "name": "@aloha/family-psm"
    },
    "families/self-burn-native": {
      "name": "@aloha/family-self-burn-native"
    },
    "families/univ2-standard": {
      "name": "@aloha/family-univ2-standard"
    },
    "families/univ3-standard": {
      "name": "@aloha/family-univ3-standard"
    },
    "node_modules/@aloha/acceptance-certificate": {
      "resolved": "specs/acceptance-certificate",
      "link": true
    },
    "node_modules/@aloha/artifact-fingerprint": {
      "resolved": "packages/artifact-fingerprint",
      "link": true
    },
    "node_modules/@aloha/artifact-lineage-facts": {
      "resolved": "acceptance/artifact-lineage-facts",
      "link": true
    },
    "node_modules/@aloha/artifact-resolution": {
      "resolved": "specs/artifact-resolution",
      "link": true
    },
    "node_modules/@aloha/artifact-resolver": {
      "resolved": "packages/artifact-resolver",
      "link": true
    },
    "node_modules/@aloha/attestation": {
      "resolved": "packages/attestation",
      "link": true
    },
    "node_modules/@aloha/boundary-gate": {
      "resolved": "tools/architecture-boundaries",
      "link": true
    },
    "node_modules/@aloha/candidate-partition-authority": {
      "resolved": "specs/candidate-partition-authority",
      "link": true
    },
    "node_modules/@aloha/candidate-partition-runtime": {
      "resolved": "packages/candidate-partition-runtime",
      "link": true
    },
    "node_modules/@aloha/canonical-codec": {
      "resolved": "packages/canonical-codec",
      "link": true
    },
    "node_modules/@aloha/canonical-source": {
      "resolved": "packages/canonical-source",
      "link": true
    },
    "node_modules/@aloha/capability-contracts": {
      "resolved": "packages/capability-contracts",
      "link": true
    },
    "node_modules/@aloha/capability-index-spec": {
      "resolved": "specs/capability-index",
      "link": true
    },
    "node_modules/@aloha/capability-interpreters": {
      "resolved": "packages/capability-interpreters",
      "link": true
    },
    "node_modules/@aloha/catalog": {
      "resolved": "packages/catalog",
      "link": true
    },
    "node_modules/@aloha/catalog-compiler-spec": {
      "resolved": "specs/catalog-compiler",
      "link": true
    },
    "node_modules/@aloha/catalog-generator": {
      "resolved": "tools/catalog-generator",
      "link": true
    },
    "node_modules/@aloha/checkpoint": {
      "resolved": "packages/checkpoint",
      "link": true
    },
    "node_modules/@aloha/core-envelope": {
      "resolved": "specs/core-envelope",
      "link": true
    },
    "node_modules/@aloha/discovery": {
      "resolved": "packages/discovery",
      "link": true
    },
    "node_modules/@aloha/discovery-transport": {
      "resolved": "packages/discovery-transport",
      "link": true
    },
    "node_modules/@aloha/durable-store": {
      "resolved": "packages/durable-store",
      "link": true
    },
    "node_modules/@aloha/evidence": {
      "resolved": "specs/evidence",
      "link": true
    },
    "node_modules/@aloha/external-qualification-verifier": {
      "resolved": "packages/external-qualification-verifier",
      "link": true
    },
    "node_modules/@aloha/family-astra-multitoken": {
      "resolved": "families/astra-multitoken",
      "link": true
    },
    "node_modules/@aloha/family-curve-underlying": {
      "resolved": "families/curve-underlying",
      "link": true
    },
    "node_modules/@aloha/family-dodo-v2": {
      "resolved": "families/dodo-v2",
      "link": true
    },
    "node_modules/@aloha/family-eigenpie": {
      "resolved": "families/eigenpie",
      "link": true
    },
    "node_modules/@aloha/family-erc4626": {
      "resolved": "families/erc4626",
      "link": true
    },
    "node_modules/@aloha/family-erc4626-silo-redeem": {
      "resolved": "families/erc4626-silo-redeem",
      "link": true
    },
    "node_modules/@aloha/family-ethertoken-native-redeem": {
      "resolved": "families/ethertoken-native-redeem",
      "link": true
    },
    "node_modules/@aloha/family-goldx": {
      "resolved": "families/goldx",
      "link": true
    },
    "node_modules/@aloha/family-metronome-hgusdc": {
      "resolved": "families/metronome-hgusdc",
      "link": true
    },
    "node_modules/@aloha/family-metronome-synth": {
      "resolved": "families/metronome-synth",
      "link": true
    },
    "node_modules/@aloha/family-psm": {
      "resolved": "families/psm",
      "link": true
    },
    "node_modules/@aloha/family-sdk": {
      "resolved": "packages/family-sdk",
      "link": true
    },
    "node_modules/@aloha/family-self-burn-native": {
      "resolved": "families/self-burn-native",
      "link": true
    },
    "node_modules/@aloha/family-univ2-standard": {
      "resolved": "families/univ2-standard",
      "link": true
    },
    "node_modules/@aloha/family-univ3-standard": {
      "resolved": "families/univ3-standard",
      "link": true
    },
    "node_modules/@aloha/gate-core": {
      "resolved": "acceptance/gate-core",
      "link": true
    },
    "node_modules/@aloha/generation-builder": {
      "resolved": "packages/generation-builder",
      "link": true
    },
    "node_modules/@aloha/graph": {
      "resolved": "packages/graph",
      "link": true
    },
    "node_modules/@aloha/impl-reference-importer": {
      "resolved": "tools/reference-only/impl",
      "link": true
    },
    "node_modules/@aloha/observation": {
      "resolved": "packages/observation",
      "link": true
    },
    "node_modules/@aloha/qualification": {
      "resolved": "specs/qualification",
      "link": true
    },
    "node_modules/@aloha/qualification-validator": {
      "resolved": "acceptance/qualification-validator",
      "link": true
    },
    "node_modules/@aloha/qualified-facts": {
      "resolved": "specs/qualified-facts",
      "link": true
    },
    "node_modules/@aloha/ready-generation": {
      "resolved": "packages/ready-generation",
      "link": true
    },
    "node_modules/@aloha/reference-lock-integrity": {
      "resolved": "tools/reference-lock-integrity",
      "link": true
    },
    "node_modules/@aloha/release-authority": {
      "resolved": "specs/release-authority",
      "link": true
    },
    "node_modules/@aloha/release-intent-spec": {
      "resolved": "specs/release-intent",
      "link": true
    },
    "node_modules/@aloha/release-role-manifest": {
      "resolved": "tools/release-role-manifest",
      "link": true
    },
    "node_modules/@aloha/request-program": {
      "resolved": "packages/request-program",
      "link": true
    },
    "node_modules/@aloha/reuse-ledger-spec": {
      "resolved": "specs/reuse-ledger",
      "link": true
    },
    "node_modules/@aloha/revm-workers": {
      "resolved": "runtime/revm-workers",
      "link": true
    },
    "node_modules/@aloha/runtime-release-authority": {
      "resolved": "packages/runtime-release-authority",
      "link": true
    },
    "node_modules/@aloha/runtime-release-packager": {
      "resolved": "tools/runtime-release-packager",
      "link": true
    },
    "node_modules/@aloha/scheduler": {
      "resolved": "packages/scheduler",
      "link": true
    },
    "node_modules/@aloha/sealed-run-runtime": {
      "resolved": "packages/sealed-run-runtime",
      "link": true
    },
    "node_modules/@aloha/shared-work": {
      "resolved": "packages/shared-work",
      "link": true
    },
    "node_modules/@aloha/state-runtime": {
      "resolved": "packages/state-runtime",
      "link": true
    },
    "node_modules/@aloha/strategy-route-cycle": {
      "resolved": "strategies/route-cycle",
      "link": true
    },
    "node_modules/@aloha/strategy-sdk": {
      "resolved": "packages/strategy-sdk",
      "link": true
    },
    "node_modules/@aloha/work-plane": {
      "resolved": "packages/work-plane",
      "link": true
    },
    "node_modules/@types/node": {
      "version": "20.19.41",
      "dev": true,
      "license": "MIT",
      "dependencies": {
        "undici-types": "~6.21.0"
      }
    },
    "node_modules/typescript": {
      "version": "5.9.3",
      "license": "Apache-2.0",
      "bin": {
        "tsc": "bin/tsc",
        "tsserver": "bin/tsserver"
      },
      "engines": {
        "node": ">=14.17"
      }
    },
    "node_modules/undici-types": {
      "version": "6.21.0",
      "dev": true,
      "license": "MIT"
    },
    "packages/artifact-fingerprint": {
      "name": "@aloha/artifact-fingerprint"
    },
    "packages/artifact-resolver": {
      "name": "@aloha/artifact-resolver"
    },
    "packages/attestation": {
      "name": "@aloha/attestation"
    },
    "packages/candidate-partition-runtime": {
      "name": "@aloha/candidate-partition-runtime"
    },
    "packages/canonical-codec": {
      "name": "@aloha/canonical-codec"
    },
    "packages/canonical-source": {
      "name": "@aloha/canonical-source"
    },
    "packages/capability-contracts": {
      "name": "@aloha/capability-contracts"
    },
    "packages/capability-interpreters": {
      "name": "@aloha/capability-interpreters"
    },
    "packages/catalog": {
      "name": "@aloha/catalog"
    },
    "packages/checkpoint": {
      "name": "@aloha/checkpoint"
    },
    "packages/discovery": {
      "name": "@aloha/discovery"
    },
    "packages/discovery-transport": {
      "name": "@aloha/discovery-transport"
    },
    "packages/durable-store": {
      "name": "@aloha/durable-store"
    },
    "packages/external-qualification-verifier": {
      "name": "@aloha/external-qualification-verifier"
    },
    "packages/family-sdk": {
      "name": "@aloha/family-sdk"
    },
    "packages/generation-builder": {
      "name": "@aloha/generation-builder"
    },
    "packages/graph": {
      "name": "@aloha/graph"
    },
    "packages/observation": {
      "name": "@aloha/observation"
    },
    "packages/ready-generation": {
      "name": "@aloha/ready-generation"
    },
    "packages/request-program": {
      "name": "@aloha/request-program"
    },
    "packages/runtime-release-authority": {
      "name": "@aloha/runtime-release-authority"
    },
    "packages/scheduler": {
      "name": "@aloha/scheduler"
    },
    "packages/sealed-run-runtime": {
      "name": "@aloha/sealed-run-runtime"
    },
    "packages/shared-work": {
      "name": "@aloha/shared-work"
    },
    "packages/state-runtime": {
      "name": "@aloha/state-runtime"
    },
    "packages/strategy-sdk": {
      "name": "@aloha/strategy-sdk"
    },
    "packages/work-plane": {
      "name": "@aloha/work-plane"
    },
    "runtime/revm-workers": {
      "name": "@aloha/revm-workers"
    },
    "specs/acceptance-certificate": {
      "name": "@aloha/acceptance-certificate"
    },
    "specs/artifact-resolution": {
      "name": "@aloha/artifact-resolution"
    },
    "specs/candidate-partition-authority": {
      "name": "@aloha/candidate-partition-authority"
    },
    "specs/capability-index": {
      "name": "@aloha/capability-index-spec"
    },
    "specs/catalog-compiler": {
      "name": "@aloha/catalog-compiler-spec"
    },
    "specs/core-envelope": {
      "name": "@aloha/core-envelope"
    },
    "specs/evidence": {
      "name": "@aloha/evidence"
    },
    "specs/qualification": {
      "name": "@aloha/qualification"
    },
    "specs/qualified-facts": {
      "name": "@aloha/qualified-facts"
    },
    "specs/release-authority": {
      "name": "@aloha/release-authority"
    },
    "specs/release-intent": {
      "name": "@aloha/release-intent-spec"
    },
    "specs/reuse-ledger": {
      "name": "@aloha/reuse-ledger-spec"
    },
    "strategies/route-cycle": {
      "name": "@aloha/strategy-route-cycle"
    },
    "tools/architecture-boundaries": {
      "name": "@aloha/boundary-gate",
      "dependencies": {
        "typescript": "5.9.3"
      }
    },
    "tools/catalog-generator": {
      "name": "@aloha/catalog-generator",
      "dependencies": {
        "typescript": "5.9.3"
      }
    },
    "tools/reference-lock-integrity": {
      "name": "@aloha/reference-lock-integrity",
      "dependencies": {
        "@aloha/reuse-ledger-spec": "*"
      }
    },
    "tools/reference-only/impl": {
      "name": "@aloha/impl-reference-importer"
    },
    "tools/release-role-manifest": {
      "name": "@aloha/release-role-manifest",
      "dependencies": {
        "typescript": "5.9.3"
      }
    },
    "tools/runtime-release-packager": {
      "name": "@aloha/runtime-release-packager"
    }
  }
}
